
Microsoft Visual Studio Solution File, Format Version 12.00
# Visual Studio Version 17
VisualStudioVersion = 17.7.34031.279
MinimumVisualStudioVersion = 10.0.40219.1
Project("{FAE04EC0-301F-11D3-BF4B-00C04F79EFBC}") = "playerVSmonster", "playerVSmonster\playerVSmonster.csproj", "{4D7F2953-DC55-4053-98FD-74D679C3B919}"
EndProject
Global
	GlobalSection(SolutionConfigurationPlatforms) = preSolution
		Debug|Any CPU = Debug|Any CPU
		Release|Any CPU = Release|Any CPU
	EndGlobalSection
	GlobalSection(ProjectConfigurationPlatforms) = postSolution
		{4D7F2953-DC55-4053-98FD-74D679C3B919}.Debug|Any CPU.ActiveCfg = Debug|Any CPU
		{4D7F2953-DC55-4053-98FD-74D679C3B919}.Debug|Any CPU.Build.0 = Debug|Any CPU
		{4D7F2953-DC55-4053-98FD-74D679C3B919}.Release|Any CPU.ActiveCfg = Release|Any CPU
		{4D7F2953-DC55-4053-98FD-74D679C3B919}.Release|Any CPU.Build.0 = Release|Any CPU
	EndGlobalSection
	GlobalSection(SolutionProperties) = preSolution
		HideSolutionNode = FALSE
	EndGlobalSection
	GlobalSection(ExtensibilityGlobals) = postSolution
		SolutionGuid = {29F6BD24-0FF1-4F67-B9EE-D8EC7908C0EB}
	EndGlobalSection
EndGlobal
